Microsoft Visual Studio Solution File, Format Version 11.00
# Visual Studio 2008

Project("{F0B060F1-3205-DCC5-7420-DF092B262177}") = "uwgamedev", "Assembly-CSharp-firstpass.csproj", "{053B597E-12E8-2E80-E3E2-DF2B52B4E45F}"
EndProject
Project("{F0B060F1-3205-DCC5-7420-DF092B262177}") = "uwgamedev", "Assembly-CSharp.csproj", "{1455BD0D-DDBE-1D8E-C2B8-84A7F181E419}"
EndProject
Project("{F0B060F1-3205-DCC5-7420-DF092B262177}") = "uwgamedev", "Assembly-CSharp-Editor.csproj", "{6290333E-981F-F98D-3CCE-FB30DF55A207}"
EndProject
Global
	GlobalSection(SolutionConfigurationPlatforms) = preSolution
		Debug|Any CPU = Debug|Any CPU
		Release|Any CPU = Release|Any CPU
	EndGlobalSection
	GlobalSection(ProjectConfigurationPlatforms) = postSolution
		{053B597E-12E8-2E80-E3E2-DF2B52B4E45F}.Debug|Any CPU.ActiveCfg = Debug|Any CPU
		{053B597E-12E8-2E80-E3E2-DF2B52B4E45F}.Debug|Any CPU.Build.0 = Debug|Any CPU
		{053B597E-12E8-2E80-E3E2-DF2B52B4E45F}.Release|Any CPU.ActiveCfg = Release|Any CPU
		{053B597E-12E8-2E80-E3E2-DF2B52B4E45F}.Release|Any CPU.Build.0 = Release|Any CPU
		{1455BD0D-DDBE-1D8E-C2B8-84A7F181E419}.Debug|Any CPU.ActiveCfg = Debug|Any CPU
		{1455BD0D-DDBE-1D8E-C2B8-84A7F181E419}.Debug|Any CPU.Build.0 = Debug|Any CPU
		{1455BD0D-DDBE-1D8E-C2B8-84A7F181E419}.Release|Any CPU.ActiveCfg = Release|Any CPU
		{1455BD0D-DDBE-1D8E-C2B8-84A7F181E419}.Release|Any CPU.Build.0 = Release|Any CPU
		{6290333E-981F-F98D-3CCE-FB30DF55A207}.Debug|Any CPU.ActiveCfg = Debug|Any CPU
		{6290333E-981F-F98D-3CCE-FB30DF55A207}.Debug|Any CPU.Build.0 = Debug|Any CPU
		{6290333E-981F-F98D-3CCE-FB30DF55A207}.Release|Any CPU.ActiveCfg = Release|Any CPU
		{6290333E-981F-F98D-3CCE-FB30DF55A207}.Release|Any CPU.Build.0 = Release|Any CPU
	EndGlobalSection
	GlobalSection(SolutionProperties) = preSolution
		HideSolutionNode = FALSE
	EndGlobalSection
	
EndGlobal
